{
  "name": "bwb-code-assistant",
  "version": "1.0.0",
  "lockfileVersion": 3,
  "requires": true,
  "packages": {
    "": {
      "name": "bwb-code-assistant",
      "version": "1.0.0",
      "license": "MIT",
      "bin": {
        "bwb-assist": "src/repl.js"
      },
      "engines": {
        "node": ">=18.0.0"
      }
    }
  }
}
